
Microsoft Visual Studio Solution File, Format Version 12.00
# Visual Studio Version 16
VisualStudioVersion = 16.0.31025.194
MinimumVisualStudioVersion = 10.0.40219.1
Project("{9A19103F-16F7-4668-BE54-9A1E7A4F7556}") = "Blazor", "Blazor.csproj", "{ABAAEB7B-2903-4E99-9786-970427231406}"
EndProject
Global
	GlobalSection(SolutionConfigurationPlatforms) = preSolution
		Debug|Any CPU = Debug|Any CPU
		Release|Any CPU = Release|Any CPU
	EndGlobalSection
	GlobalSection(ProjectConfigurationPlatforms) = postSolution
		{ABAAEB7B-2903-4E99-9786-970427231406}.Debug|Any CPU.ActiveCfg = Debug|Any CPU
		{ABAAEB7B-2903-4E99-9786-970427231406}.Debug|Any CPU.Build.0 = Debug|Any CPU
		{ABAAEB7B-2903-4E99-9786-970427231406}.Release|Any CPU.ActiveCfg = Release|Any CPU
		{ABAAEB7B-2903-4E99-9786-970427231406}.Release|Any CPU.Build.0 = Release|Any CPU
	EndGlobalSection
	GlobalSection(SolutionProperties) = preSolution
		HideSolutionNode = FALSE
	EndGlobalSection
	GlobalSection(ExtensibilityGlobals) = postSolution
		SolutionGuid = {1C60BD14-F834-4DED-BCFD-B1C6294CC43B}
	EndGlobalSection
EndGlobal
